{
  "requires": true,
  "lockfileVersion": 1,
  "dependencies": {
    "device-uuid": {
      "version": "1.0.4",
      "resolved": "https://registry.npmjs.org/device-uuid/-/device-uuid-1.0.4.tgz",
      "integrity": "sha512-nNbUKlCuXZ1BV4zKFr9z8VxypL1PCNExRoNtRx/mNKFcOEDWUdT3E1B4vw7LBWftBmixkrjQIjpdLov3EmEJjA=="
    }
  }
}
